// !$*UTF8*$!
{
	archiveVersion = 1;
	classes = {
	};
	objectVersion = 55;
	objects = {

/* Begin PBXBuildFile section */
		60B0E49E2AC1D85BB7959401 /* Pods_JSONModelDemo.framework in Frameworks */ = {isa = PBXBuildFile; fileRef = 43A64767F7930EEEA3A11743 /* Pods_JSONModelDemo.framework */; };
		8003C28727145FDA001C7CA2 /* AppDelegate.m in Sources */ = {isa = PBXBuildFile; fileRef = 8003C28627145FDA001C7CA2 /* AppDelegate.m */; };
		8003C28A27145FDA001C7CA2 /* SceneDelegate.m in Sources */ = {isa = PBXBuildFile; fileRef = 8003C28927145FDA001C7CA2 /* SceneDelegate.m */; };
		8003C28D27145FDA001C7CA2 /* ViewController.m in Sources */ = {isa = PBXBuildFile; fileRef = 8003C28C27145FDA001C7CA2 /* ViewController.m */; };
		8003C29027145FDA001C7CA2 /* Main.storyboard in Resources */ = {isa = PBXBuildFile; fileRef = 8003C28E27145FDA001C7CA2 /* Main.storyboard */; };
		8003C29227145FDD001C7CA2 /* Assets.xcassets in Resources */ = {isa = PBXBuildFile; fileRef = 8003C29127145FDD001C7CA2 /* Assets.xcassets */; };
		8003C29527145FDD001C7CA2 /* LaunchScreen.storyboard in Resources */ = {isa = PBXBuildFile; fileRef = 8003C29327145FDD001C7CA2 /* LaunchScreen.storyboard */; };
		8003C29827145FDD001C7CA2 /* main.m in Sources */ = {isa = PBXBuildFile; fileRef = 8003C29727145FDD001C7CA2 /* main.m */; };
		8003C2A32714642F001C7CA2 /* TextModel.m in Sources */ = {isa = PBXBuildFile; fileRef = 8003C2A22714642F001C7CA2 /* TextModel.m */; };
		8003C2A627183326001C7CA2 /* Manager.m in Sources */ = {isa = PBXBuildFile; fileRef = 8003C2A527183326001C7CA2 /* Manager.m */; };
/* End PBXBuildFile section */

/* Begin PBXFileReference section */
		43A64767F7930EEEA3A11743 /* Pods_JSONModelDemo.framework */ = {isa = PBXFileReference; explicitFileType = wrapper.framework; includeInIndex = 0; path = Pods_JSONModelDemo.framework; sourceTree = BUILT_PRODUCTS_DIR; };
		8003C28227145FDA001C7CA2 /* JSONModelDemo.app */ = {isa = PBXFileReference; explicitFileType = wrapper.application; includeInIndex = 0; path = JSONModelDemo.app; sourceTree = BUILT_PRODUCTS_DIR; };
		8003C28527145FDA001C7CA2 /* AppDelegate.h */ = {isa = PBXFileReference; lastKnownFileType = sourcecode.c.h; path = AppDelegate.h; sourceTree = "<group>"; };
		8003C28627145FDA001C7CA2 /* AppDelegate.m */ = {isa = PBXFileReference; lastKnownFileType = sourcecode.c.objc; path = AppDelegate.m; sourceTree = "<group>"; };
		8003C28827145FDA001C7CA2 /* SceneDelegate.h */ = {isa = PBXFileReference; lastKnownFileType = sourcecode.c.h; path = SceneDelegate.h; sourceTree = "<group>"; };
		8003C28927145FDA001C7CA2 /* SceneDelegate.m */ = {isa = PBXFileReference; lastKnownFileType = sourcecode.c.objc; path = SceneDelegate.m; sourceTree = "<group>"; };
		8003C28B27145FDA001C7CA2 /* ViewController.h */ = {isa = PBXFileReference; lastKnownFileType = sourcecode.c.h; path = ViewController.h; sourceTree = "<group>"; };
		8003C28C27145FDA001C7CA2 /* ViewController.m */ = {isa = PBXFileReference; lastKnownFileType = sourcecode.c.objc; path = ViewController.m; sourceTree = "<group>"; };
		8003C28F27145FDA001C7CA2 /* Base */ = {isa = PBXFileReference; lastKnownFileType = file.storyboard; name = Base; path = Base.lproj/Main.storyboard; sourceTree = "<group>"; };
		8003C29127145FDD001C7CA2 /* Assets.xcassets */ = {isa = PBXFileReference; lastKnownFileType = folder.assetcatalog; path = Assets.xcassets; sourceTree = "<group>"; };
		8003C29427145FDD001C7CA2 /* Base */ = {isa = PBXFileReference; lastKnownFileType = file.storyboard; name = Base; path = Base.lproj/LaunchScreen.storyboard; sourceTree = "<group>"; };
		8003C29627145FDD001C7CA2 /* Info.plist */ = {isa = PBXFileReference; lastKnownFileType = text.plist.xml; path = Info.plist; sourceTree = "<group>"; };
		8003C29727145FDD001C7CA2 /* main.m */ = {isa = PBXFileReference; lastKnownFileType = sourcecode.c.objc; path = main.m; sourceTree = "<group>"; };
		8003C2A12714642F001C7CA2 /* TextModel.h */ = {isa = PBXFileReference; lastKnownFileType = sourcecode.c.h; path = TextModel.h; sourceTree = "<group>"; };
		8003C2A22714642F001C7CA2 /* TextModel.m */ = {isa = PBXFileReference; lastKnownFileType = sourcecode.c.objc; path = TextModel.m; sourceTree = "<group>"; };
		8003C2A427183326001C7CA2 /* Manager.h */ = {isa = PBXFileReference; lastKnownFileType = sourcecode.c.h; path = Manager.h; sourceTree = "<group>"; };
		8003C2A527183326001C7CA2 /* Manager.m */ = {isa = PBXFileReference; lastKnownFileType = sourcecode.c.objc; path = Manager.m; sourceTree = "<group>"; };
		9953808A024D41943ADF6CE6 /* Pods-JSONModelDemo.release.xcconfig */ = {isa = PBXFileReference; includeInIndex = 1; lastKnownFileType = text.xcconfig; name = "Pods-JSONModelDemo.release.xcconfig"; path = "Target Support Files/Pods-JSONModelDemo/Pods-JSONModelDemo.release.xcconfig"; sourceTree = "<group>"; };
		AD811AEBDFEA24B58187D388 /* Pods-JSONModelDemo.debug.xcconfig */ = {isa = PBXFileReference; includeInIndex = 1; lastKnownFileType = text.xcconfig; name = "Pods-JSONModelDemo.debug.xcconfig"; path = "Target Support Files/Pods-JSONModelDemo/Pods-JSONModelDemo.debug.xcconfig"; sourceTree = "<group>"; };
/* End PBXFileReference section */

/* Begin PBXFrameworksBuildPhase section */
		8003C27F27145FDA001C7CA2 /* Frameworks */ = {
			isa = PBXFrameworksBuildPhase;
			buildActionMask = 2147483647;
			files = (
				60B0E49E2AC1D85BB7959401 /* Pods_JSONModelDemo.framework in Frameworks */,
			);
			runOnlyForDeploymentPostprocessing = 0;
		};
/* End PBXFrameworksBuildPhase section */

/* Begin PBXGroup section */
		7E61D125568DCF8CD790DEF3 /* Frameworks */ = {
			isa = PBXGroup;
			children = (
				43A64767F7930EEEA3A11743 /* Pods_JSONModelDemo.framework */,
			);
			name = Frameworks;
			sourceTree = "<group>";
		};
		8003C27927145FDA001C7CA2 = {
			isa = PBXGroup;
			children = (
				8003C28427145FDA001C7CA2 /* JSONModelDemo */,
				8003C28327145FDA001C7CA2 /* Products */,
				806E7E8F5CD4BEC6A28156CA /* Pods */,
				7E61D125568DCF8CD790DEF3 /* Frameworks */,
			);
			sourceTree = "<group>";
		};
		8003C28327145FDA001C7CA2 /* Products */ = {
			isa = PBXGroup;
			children = (
				8003C28227145FDA001C7CA2 /* JSONModelDemo.app */,
			);
			name = Products;
			sourceTree = "<group>";
		};
		8003C28427145FDA001C7CA2 /* JSONModelDemo */ = {
			isa = PBXGroup;
			children = (
				8003C28527145FDA001C7CA2 /* AppDelegate.h */,
				8003C28627145FDA001C7CA2 /* AppDelegate.m */,
				8003C28827145FDA001C7CA2 /* SceneDelegate.h */,
				8003C28927145FDA001C7CA2 /* SceneDelegate.m */,
				8003C28B27145FDA001C7CA2 /* ViewController.h */,
				8003C28C27145FDA001C7CA2 /* ViewController.m */,
				8003C28E27145FDA001C7CA2 /* Main.storyboard */,
				8003C29127145FDD001C7CA2 /* Assets.xcassets */,
				8003C29327145FDD001C7CA2 /* LaunchScreen.storyboard */,
				8003C29627145FDD001C7CA2 /* Info.plist */,
				8003C29727145FDD001C7CA2 /* main.m */,
				8003C2A12714642F001C7CA2 /* TextModel.h */,
				8003C2A22714642F001C7CA2 /* TextModel.m */,
				8003C2A427183326001C7CA2 /* Manager.h */,
				8003C2A527183326001C7CA2 /* Manager.m */,
			);
			path = JSONModelDemo;
			sourceTree = "<group>";
		};
		806E7E8F5CD4BEC6A28156CA /* Pods */ = {
			isa = PBXGroup;
			children = (
				AD811AEBDFEA24B58187D388 /* Pods-JSONModelDemo.debug.xcconfig */,
				9953808A024D41943ADF6CE6 /* Pods-JSONModelDemo.release.xcconfig */,
			);
			path = Pods;
			sourceTree = "<group>";
		};
/* End PBXGroup section */

/* Begin PBXNativeTarget section */
		8003C28127145FDA001C7CA2 /* JSONModelDemo */ = {
			isa = PBXNativeTarget;
			buildConfigurationList = 8003C29B27145FDD001C7CA2 /* Build configuration list for PBXNativeTarget "JSONModelDemo" */;
			buildPhases = (
				7D61D2AD8F80B62EE4007DBF /* [CP] Check Pods Manifest.lock */,
				8003C27E27145FDA001C7CA2 /* Sources */,
				8003C27F27145FDA001C7CA2 /* Frameworks */,
				8003C28027145FDA001C7CA2 /* Resources */,
				C20D5D2DEBC4183D2AC63C06 /* [CP] Embed Pods Frameworks */,
			);
			buildRules = (
			);
			dependencies = (
			);
			name = JSONModelDemo;
			productName = JSONModelDemo;
			productReference = 8003C28227145FDA001C7CA2 /* JSONModelDemo.app */;
			productType = "com.apple.product-type.application";
		};
/* End PBXNativeTarget section */

/* Begin PBXProject section */
		8003C27A27145FDA001C7CA2 /* Project object */ = {
			isa = PBXProject;
			attributes = {
				BuildIndependentTargetsInParallel = 1;
				LastUpgradeCheck = 1300;
				TargetAttributes = {
					8003C28127145FDA001C7CA2 = {
						CreatedOnToolsVersion = 13.0;
					};
				};
			};
			buildConfigurationList = 8003C27D27145FDA001C7CA2 /* Build configuration list for PBXProject "JSONModelDemo" */;
			compatibilityVersion = "Xcode 13.0";
			developmentRegion = en;
			hasScannedForEncodings = 0;
			knownRegions = (
				en,
				Base,
			);
			mainGroup = 8003C27927145FDA001C7CA2;
			productRefGroup = 8003C28327145FDA001C7CA2 /* Products */;
			projectDirPath = "";
			projectRoot = "";
			targets = (
				8003C28127145FDA001C7CA2 /* JSONModelDemo */,
			);
		};
/* End PBXProject section */

/* Begin PBXResourcesBuildPhase section */
		8003C28027145FDA001C7CA2 /* Resources */ = {
			isa = PBXResourcesBuildPhase;
			buildActionMask = 2147483647;
			files = (
				8003C29527145FDD001C7CA2 /* LaunchScreen.storyboard in Resources */,
				8003C29227145FDD001C7CA2 /* Assets.xcassets in Resources */,
				8003C29027145FDA001C7CA2 /* Main.storyboard in Resources */,
			);
			runOnlyForDeploymentPostprocessing = 0;
		};
/* End PBXResourcesBuildPhase section */

/* Begin PBXShellScriptBuildPhase section */
		7D61D2AD8F80B62EE4007DBF /* [CP] Check Pods Manifest.lock */ = {
			isa = PBXShellScriptBuildPhase;
			buildActionMask = 2147483647;
			files = (
			);
			inputFileListPaths = (
			);
			inputPaths = (
				"${PODS_PODFILE_DIR_PATH}/Podfile.lock",
				"${PODS_ROOT}/Manifest.lock",
			);
			name = "[CP] Check Pods Manifest.lock";
			outputFileListPaths = (
			);
			outputPaths = (
				"$(DERIVED_FILE_DIR)/Pods-JSONModelDemo-checkManifestLockResult.txt",
			);
			runOnlyForDeploymentPostprocessing = 0;
			shellPath = /bin/sh;
			shellScript = "diff \"${PODS_PODFILE_DIR_PATH}/Podfile.lock\" \"${PODS_ROOT}/Manifest.lock\" > /dev/null\nif [ $? != 0 ] ; then\n    # print error to STDERR\n    echo \"error: The sandbox is not in sync with the Podfile.lock. Run 'pod install' or update your CocoaPods installation.\" >&2\n    exit 1\nfi\n# This output is used by Xcode 'outputs' to avoid re-running this script phase.\necho \"SUCCESS\" > \"${SCRIPT_OUTPUT_FILE_0}\"\n";
			showEnvVarsInLog = 0;
		};
		C20D5D2DEBC4183D2AC63C06 /* [CP] Embed Pods Frameworks */ = {
			isa = PBXShellScriptBuildPhase;
			buildActionMask = 2147483647;
			files = (
			);
			inputFileListPaths = (
				"${PODS_ROOT}/Target Support Files/Pods-JSONModelDemo/Pods-JSONModelDemo-frameworks-${CONFIGURATION}-input-files.xcfilelist",
			);
			name = "[CP] Embed Pods Frameworks";
			outputFileListPaths = (
				"${PODS_ROOT}/Target Support Files/Pods-JSONModelDemo/Pods-JSONModelDemo-frameworks-${CONFIGURATION}-output-files.xcfilelist",
			);
			runOnlyForDeploymentPostprocessing = 0;
			shellPath = /bin/sh;
			shellScript = "\"${PODS_ROOT}/Target Support Files/Pods-JSONModelDemo/Pods-JSONModelDemo-frameworks.sh\"\n";
			showEnvVarsInLog = 0;
		};
/* End PBXShellScriptBuildPhase section */

/* Begin PBXSourcesBuildPhase section */
		8003C27E27145FDA001C7CA2 /* Sources */ = {
			isa = PBXSourcesBuildPhase;
			buildActionMask = 2147483647;
			files = (
				8003C28D27145FDA001C7CA2 /* ViewController.m in Sources */,
				8003C2A627183326001C7CA2 /* Manager.m in Sources */,
				8003C28727145FDA001C7CA2 /* AppDelegate.m in Sources */,
				8003C2A32714642F001C7CA2 /* TextModel.m in Sources */,
				8003C29827145FDD001C7CA2 /* main.m in Sources */,
				8003C28A27145FDA001C7CA2 /* SceneDelegate.m in Sources */,
			);
			runOnlyForDeploymentPostprocessing = 0;
		};
/* End PBXSourcesBuildPhase section */

/* Begin PBXVariantGroup section */
		8003C28E27145FDA001C7CA2 /* Main.storyboard */ = {
			isa = PBXVariantGroup;
			children = (
				8003C28F27145FDA001C7CA2 /* Base */,
			);
			name = Main.storyboard;
			sourceTree = "<group>";
		};
		8003C29327145FDD001C7CA2 /* LaunchScreen.storyboard */ = {
			isa = PBXVariantGroup;
			children = (
				8003C29427145FDD001C7CA2 /* Base */,
			);
			name = LaunchScreen.storyboard;
			sourceTree = "<group>";
		};
/* End PBXVariantGroup section */

/* Begin XCBuildConfiguration section */
		8003C29927145FDD001C7CA2 /* Debug */ = {
			isa = XCBuildConfiguration;
			buildSettings = {
				ALWAYS_SEARCH_USER_PATHS = NO;
				CLANG_ANALYZER_NONNULL = YES;
				CLANG_ANALYZER_NUMBER_OBJECT_CONVERSION = YES_AGGRESSIVE;
				CLANG_CXX_LANGUAGE_STANDARD = "gnu++17";
				CLANG_CXX_LIBRARY = "libc++";
				CLANG_ENABLE_MODULES = YES;
				CLANG_ENABLE_OBJC_ARC = YES;
				CLANG_ENABLE_OBJC_WEAK = YES;
				CLANG_WARN_BLOCK_CAPTURE_AUTORELEASING = YES;
				CLANG_WARN_BOOL_CONVERSION = YES;
				CLANG_WARN_COMMA = YES;
				CLANG_WARN_CONSTANT_CONVERSION = YES;
				CLANG_WARN_DEPRECATED_OBJC_IMPLEMENTATIONS = YES;
				CLANG_WARN_DIRECT_OBJC_ISA_USAGE = YES_ERROR;
				CLANG_WARN_DOCUMENTATION_COMMENTS = YES;
				CLANG_WARN_EMPTY_BODY = YES;
				CLANG_WARN_ENUM_CONVERSION = YES;
				CLANG_WARN_INFINITE_RECURSION = YES;
				CLANG_WARN_INT_CONVERSION = YES;
				CLANG_WARN_NON_LITERAL_NULL_CONVERSION = YES;
				CLANG_WARN_OBJC_IMPLICIT_RETAIN_SELF = YES;
				CLANG_WARN_OBJC_LITERAL_CONVERSION = YES;
				CLANG_WARN_OBJC_ROOT_CLASS = YES_ERROR;
				CLANG_WARN_QUOTED_INCLUDE_IN_FRAMEWORK_HEADER = YES;
				CLANG_WARN_RANGE_LOOP_ANALYSIS = YES;
				CLANG_WARN_STRICT_PROTOTYPES = YES;
				CLANG_WARN_SUSPICIOUS_MOVE = YES;
				CLANG_WARN_UNGUARDED_AVAILABILITY = YES_AGGRESSIVE;
				CLANG_WARN_UNREACHABLE_CODE = YES;
				CLANG_WARN__DUPLICATE_METHOD_MATCH = YES;
				COPY_PHASE_STRIP = NO;
				DEBUG_INFORMATION_FORMAT = dwarf;
				ENABLE_STRICT_OBJC_MSGSEND = YES;
				ENABLE_TESTABILITY = YES;
				GCC_C_LANGUAGE_STANDARD = gnu11;
				GCC_DYNAMIC_NO_PIC = NO;
				GCC_NO_COMMON_BLOCKS = YES;
				GCC_OPTIMIZATION_LEVEL = 0;
				GCC_PREPROCESSOR_DEFINITIONS = (
					"DEBUG=1",
					"$(inherited)",
				);
				GCC_WARN_64_TO_32_BIT_CONVERSION = YES;
				GCC_WARN_ABOUT_RETURN_TYPE = YES_ERROR;
				GCC_WARN_UNDECLARED_SELECTOR = YES;
				GCC_WARN_UNINITIALIZED_AUTOS = YES_AGGRESSIVE;
				GCC_WARN_UNUSED_FUNCTION = YES;
				GCC_WARN_UNUSED_VARIABLE = YES;
				IPHONEOS_DEPLOYMENT_TARGET = 15.0;
				MTL_ENABLE_DEBUG_INFO = INCLUDE_SOURCE;
				MTL_FAST_MATH = YES;
				ONLY_ACTIVE_ARCH = YES;
				SDKROOT = iphoneos;
			};
			name = Debug;
		};
		8003C29A27145FDD001C7CA2 /* Release */ = {
			isa = XCBuildConfiguration;
			buildSettings = {
				ALWAYS_SEARCH_USER_PATHS = NO;
				CLANG_ANALYZER_NONNULL = YES;
				CLANG_ANALYZER_NUMBER_OBJECT_CONVERSION = YES_AGGRESSIVE;
				CLANG_CXX_LANGUAGE_STANDARD = "gnu++17";
				CLANG_CXX_LIBRARY = "libc++";
				CLANG_ENABLE_MODULES = YES;
				CLANG_ENABLE_OBJC_ARC = YES;
				CLANG_ENABLE_OBJC_WEAK = YES;
				CLANG_WARN_BLOCK_CAPTURE_AUTORELEASING = YES;
				CLANG_WARN_BOOL_CONVERSION = YES;
				CLANG_WARN_COMMA = YES;
				CLANG_WARN_CONSTANT_CONVERSION = YES;
				CLANG_WARN_DEPRECATED_OBJC_IMPLEMENTATIONS = YES;
				CLANG_WARN_DIRECT_OBJC_ISA_USAGE = YES_ERROR;
				CLANG_WARN_DOCUMENTATION_COMMENTS = YES;
				CLANG_WARN_EMPTY_BODY = YES;
				CLANG_WARN_ENUM_CONVERSION = YES;
				CLANG_WARN_INFINITE_RECURSION = YES;
				CLANG_WARN_INT_CONVERSION = YES;
				CLANG_WARN_NON_LITERAL_NULL_CONVERSION = YES;
				CLANG_WARN_OBJC_IMPLICIT_RETAIN_SELF = YES;
				CLANG_WARN_OBJC_LITERAL_CONVERSION = YES;
				CLANG_WARN_OBJC_ROOT_CLASS = YES_ERROR;
				CLANG_WARN_QUOTED_INCLUDE_IN_FRAMEWORK_HEADER = YES;
				CLANG_WARN_RANGE_LOOP_ANALYSIS = YES;
				CLANG_WARN_STRICT_PROTOTYPES = YES;
				CLANG_WARN_SUSPICIOUS_MOVE = YES;
				CLANG_WARN_UNGUARDED_AVAILABILITY = YES_AGGRESSIVE;
				CLANG_WARN_UNREACHABLE_CODE = YES;
				CLANG_WARN__DUPLICATE_METHOD_MATCH = YES;
				COPY_PHASE_STRIP = NO;
				DEBUG_INFORMATION_FORMAT = "dwarf-with-dsym";
				ENABLE_NS_ASSERTIONS = NO;
				ENABLE_STRICT_OBJC_MSGSEND = YES;
				GCC_C_LANGUAGE_STANDARD = gnu11;
				GCC_NO_COMMON_BLOCKS = YES;
				GCC_WARN_64_TO_32_BIT_CONVERSION = YES;
				GCC_WARN_ABOUT_RETURN_TYPE = YES_ERROR;
				GCC_WARN_UNDECLARED_SELECTOR = YES;
				GCC_WARN_UNINITIALIZED_AUTOS = YES_AGGRESSIVE;
				GCC_WARN_UNUSED_FUNCTION = YES;
				GCC_WARN_UNUSED_VARIABLE = YES;
				IPHONEOS_DEPLOYMENT_TARGET = 15.0;
				MTL_ENABLE_DEBUG_INFO = NO;
				MTL_FAST_MATH = YES;
				SDKROOT = iphoneos;
				VALIDATE_PRODUCT = YES;
			};
			name = Release;
		};
		8003C29C27145FDD001C7CA2 /* Debug */ = {
			isa = XCBuildConfiguration;
			baseConfigurationReference = AD811AEBDFEA24B58187D388 /* Pods-JSONModelDemo.debug.xcconfig */;
			buildSettings = {
				ASSETCATALOG_COMPILER_APPICON_NAME = AppIcon;
				ASSETCATALOG_COMPILER_GLOBAL_ACCENT_COLOR_NAME = AccentColor;
				CODE_SIGN_STYLE = Automatic;
				CURRENT_PROJECT_VERSION = 1;
				DEVELOPMENT_TEAM = 42NXZLJZF7;
				GENERATE_INFOPLIST_FILE = YES;
				INFOPLIST_FILE = JSONModelDemo/Info.plist;
				INFOPLIST_KEY_UIApplicationSupportsIndirectInputEvents = YES;
				INFOPLIST_KEY_UILaunchStoryboardName = LaunchScreen;
				INFOPLIST_KEY_UIMainStoryboardFile = Main;
				INFOPLIST_KEY_UISupportedInterfaceOrientations_iPad = "UIInterfaceOrientationPortrait UIInterfaceOrientationPortraitUpsideDown UIInterfaceOrientationLandscapeLeft UIInterfaceOrientationLandscapeRight";
				INFOPLIST_KEY_UISupportedInterfaceOrientations_iPhone = "UIInterfaceOrientationPortrait UIInterfaceOrientationLandscapeLeft UIInterfaceOrientationLandscapeRight";
				LD_RUNPATH_SEARCH_PATHS = (
					"$(inherited)",
					"@executable_path/Frameworks",
				);
				MARKETING_VERSION = 1.0;
				PRODUCT_BUNDLE_IDENTIFIER = "-.JSONModelDemo";
				PRODUCT_NAME = "$(TARGET_NAME)";
				SWIFT_EMIT_LOC_STRINGS = YES;
				TARGETED_DEVICE_FAMILY = "1,2";
			};
			name = Debug;
		};
		8003C29D27145FDD001C7CA2 /* Release */ = {
			isa = XCBuildConfiguration;
			baseConfigurationReference = 9953808A024D41943ADF6CE6 /* Pods-JSONModelDemo.release.xcconfig */;
			buildSettings = {
				ASSETCATALOG_COMPILER_APPICON_NAME = AppIcon;
				ASSETCATALOG_COMPILER_GLOBAL_ACCENT_COLOR_NAME = AccentColor;
				CODE_SIGN_STYLE = Automatic;
				CURRENT_PROJECT_VERSION = 1;
				DEVELOPMENT_TEAM = 42NXZLJZF7;
				GENERATE_INFOPLIST_FILE = YES;
				INFOPLIST_FILE = JSONModelDemo/Info.plist;
				INFOPLIST_KEY_UIApplicationSupportsIndirectInputEvents = YES;
				INFOPLIST_KEY_UILaunchStoryboardName = LaunchScreen;
				INFOPLIST_KEY_UIMainStoryboardFile = Main;
				INFOPLIST_KEY_UISupportedInterfaceOrientations_iPad = "UIInterfaceOrientationPortrait UIInterfaceOrientationPortraitUpsideDown UIInterfaceOrientationLandscapeLeft UIInterfaceOrientationLandscapeRight";
				INFOPLIST_KEY_UISupportedInterfaceOrientations_iPhone = "UIInterfaceOrientationPortrait UIInterfaceOrientationLandscapeLeft UIInterfaceOrientationLandscapeRight";
				LD_RUNPATH_SEARCH_PATHS = (
					"$(inherited)",
					"@executable_path/Frameworks",
				);
				MARKETING_VERSION = 1.0;
				PRODUCT_BUNDLE_IDENTIFIER = "-.JSONModelDemo";
				PRODUCT_NAME = "$(TARGET_NAME)";
				SWIFT_EMIT_LOC_STRINGS = YES;
				TARGETED_DEVICE_FAMILY = "1,2";
			};
			name = Release;
		};
/* End XCBuildConfiguration section */

/* Begin XCConfigurationList section */
		8003C27D27145FDA001C7CA2 /* Build configuration list for PBXProject "JSONModelDemo" */ = {
			isa = XCConfigurationList;
			buildConfigurations = (
				8003C29927145FDD001C7CA2 /* Debug */,
				8003C29A27145FDD001C7CA2 /* Release */,
			);
			defaultConfigurationIsVisible = 0;
			defaultConfigurationName = Release;
		};
		8003C29B27145FDD001C7CA2 /* Build configuration list for PBXNativeTarget "JSONModelDemo" */ = {
			isa = XCConfigurationList;
			buildConfigurations = (
				8003C29C27145FDD001C7CA2 /* Debug */,
				8003C29D27145FDD001C7CA2 /* Release */,
			);
			defaultConfigurationIsVisible = 0;
			defaultConfigurationName = Release;
		};
/* End XCConfigurationList section */
	};
	rootObject = 8003C27A27145FDA001C7CA2 /* Project object */;
}
